lockfileVersion: '9.0'

settings:
  autoInstallPeers: true
  excludeLinksFromLockfile: false

importers:

  .:
    dependencies:
      '@xterm/addon-fit':
        specifier: ^0.10.0
        version: 0.10.0(@xterm/xterm@5.5.0)
      '@xterm/xterm':
        specifier: ^5.5.0
        version: 5.5.0
      rrweb:
        specifier: 2.0.1
        version: 2.0.1
    devDependencies:
      '@playwright/test':
        specifier: ^1.61.1
        version: 1.61.1
      '@types/node':
        specifier: ^22.10.0
        version: 22.20.0
      typescript:
        specifier: ^5.7.0
        version: 5.9.3

packages:

  '@playwright/test@1.61.1':
    resolution: {integrity: sha512-8nKv6+0RJSL9FE4jYOEGXnPeM/Hg12qZpmqzZjRh3qM0Y7c3z1mrOTfFLids72RDQYVh9WpLEfR5WdpNX4fkig==}
    engines: {node: '>=18'}
    hasBin: true

  '@rrweb/types@2.1.0':
    resolution: {integrity: sha512-svOHkcuukP6rIjz2umwVsS7uYct+2h0N97+bg+8IJYKIUj5+YjwIvqx5y9NILFKPIu3yk+Mb+KDFfJ8RV+4JlA==}

  '@rrweb/utils@2.1.0':
    resolution: {integrity: sha512-hU7MT3TSdD+Do7FmMoHrBfPevFCheN5vo2mn97Y4vbXuwemopAmo8dqo5KJeMaA6oQQt7FinHJ0Xqb7k68Ci6Q==}

  '@types/css-font-loading-module@0.0.7':
    resolution: {integrity: sha512-nl09VhutdjINdWyXxHWN/w9zlNCfr60JUqJbd24YXUuCwgeL0TpFSdElCwb6cxfB6ybE19Gjj4g0jsgkXxKv1Q==}

  '@types/node@22.20.0':
    resolution: {integrity: sha512-QWlFW2wf3nTjC13/DqRnBpR4ZO36VJH/JVBkA/vcnmbTBNQIlnObqyqZE1tUR7+Ni23Lda8R1BxMfbXRpCUx5g==}

  '@xstate/fsm@1.6.5':
    resolution: {integrity: sha512-b5o1I6aLNeYlU/3CPlj/Z91ybk1gUsKT+5NAJI+2W4UjvS5KLG28K9v5UvNoFVjHV8PajVZ00RH3vnjyQO7ZAw==}

  '@xterm/addon-fit@0.10.0':
    resolution: {integrity: sha512-UFYkDm4HUahf2lnEyHvio51TNGiLK66mqP2JoATy7hRZeXaGMRDr00JiSF7m63vR5WKATF605yEggJKsw0JpMQ==}
    peerDependencies:
      '@xterm/xterm': ^5.0.0

  '@xterm/xterm@5.5.0':
    resolution: {integrity: sha512-hqJHYaQb5OptNunnyAnkHyM8aCjZ1MEIDTQu1iIbbTD/xops91NB5yq1ZK/dC2JDbVWtF23zUtl9JE2NqwT87A==}

  base64-arraybuffer@1.0.2:
    resolution: {integrity: sha512-I3yl4r9QB5ZRY3XuJVEPfc2XhZO6YweFPI+UovAzn+8/hb3oJ6lnysaFcjVpkCPfVWFUDvoZ8kmVDP7WyRtYtQ==}
    engines: {node: '>= 0.6.0'}

  fsevents@2.3.2:
    resolution: {integrity: sha512-xiqMQR4xAeHTuB9uWm+fFRcIOgKBMiOBP+eXiyT7jsgVCq1bkVygt00oASowB7EdtpOHaaPgKt812P9ab+DDKA==}
    engines: {node: ^8.16.0 || ^10.6.0 || >=11.0.0}
    os: [darwin]

  mitt@3.0.1:
    resolution: {integrity: sha512-vKivATfr97l2/QBCYAkXYDbrIWPM2IIKEl7YPhjCvKlG3kE2gm+uBo6nEXK3M5/Ffh/FLpKExzOQ3JJoJGFKBw==}

  nanoid@3.3.15:
    resolution: {integrity: sha512-y7Wygv/7mEOvxTuEQDB8StXdMRBWf1kR/tlhAzBRUFkB2jfcLOAxO/SHmOO2zgz1pVgK29/kyupn059/bCHdjA==}
    engines: {node: ^10 || ^12 || ^13.7 || ^14 || >=15.0.1}
    hasBin: true

  picocolors@1.1.1:
    resolution: {integrity: sha512-xceH2snhtb5M9liqDsmEw56le376mTZkEX/jEb/RxNFyegNul7eNslCXP9FDj/Lcu0X8KEyMceP2ntpaHrDEVA==}

  playwright-core@1.61.1:
    resolution: {integrity: sha512-h7Qlt6m4REp25qvIdvbDtVmD4LqVXfpRxhORv9L0jzETM05p4fuPJ3dKyuSXQxDSbXnmS79HAgi9589lGSpLkg==}
    engines: {node: '>=18'}
    hasBin: true

  playwright@1.61.1:
    resolution: {integrity: sha512-DWnY5o3YbLWK4GovuAVwpqL+1VwGNdUGrRr++8j8PtQQzvAVZUIMjKQ90fY689sEJZJBbZVw1rXaOKSTitkzPQ==}
    engines: {node: '>=18'}
    hasBin: true

  postcss@8.5.16:
    resolution: {integrity: sha512-vuwillviilfKZsg0VGj5R/YwwcHx4SLsIOI/7K6mQkWx+l5cUHTjj5g0AasTBcyXsbfTgrwsUNmVUb5xVwyPwg==}
    engines: {node: ^10 || ^12 || >=14}

  rrdom@2.1.0:
    resolution: {integrity: sha512-d7oaIHzwffxI74UJMZDGq/f97/Yfm3QX4CcTIlQelt2HsLavItLjp8x8nQ0g9Pet5+5wG1RGr9yvsxb1gJlo8A==}

  rrweb-snapshot@2.1.0:
    resolution: {integrity: sha512-CFjUKWlO+Dl72gk8qwcDcNE/Pj9yr6IvGRAiRAx12pmJaSWaOKFoFgpQQ1j/mW0WKwEZXbHnMJL8M92gIsdwUQ==}

  rrweb@2.0.1:
    resolution: {integrity: sha512-MQYzOtI7aZft9ffDMT6rmRSAj6hO4W6T7iA4eB9Mtcuiv3M7DbnnxDMrcPW0sQXepgYN46YhfSKe75d/mlUHrQ==}

  source-map-js@1.2.1:
    resolution: {integrity: sha512-UXWMKhLOwVKb728IUtQPXxfYU+usdybtUrK/8uGE8CQMvrhOpwvzDBwj0QhSL7MQc7vIsISBG8VQ8+IDQxpfQA==}
    engines: {node: '>=0.10.0'}

  typescript@5.9.3:
    resolution: {integrity: sha512-jl1vZzPDinLr9eUt3J/t7V6FgNEw9QjvBPdysz9KfQDD41fQrC2Y4vKQdiaUpFT4bXlb1RHhLpp8wtm6M5TgSw==}
    engines: {node: '>=14.17'}
    hasBin: true

  undici-types@6.21.0:
    resolution: {integrity: sha512-iwDZqg0QAGrg9Rav5H4n0M64c3mkR59cJ6wQp+7C4nI0gsmExaedaYLNO44eT4AtBBwjbTiGPMlt2Md0T9H9JQ==}

snapshots:

  '@playwright/test@1.61.1':
    dependencies:
      playwright: 1.61.1

  '@rrweb/types@2.1.0': {}

  '@rrweb/utils@2.1.0': {}

  '@types/css-font-loading-module@0.0.7': {}

  '@types/node@22.20.0':
    dependencies:
      undici-types: 6.21.0

  '@xstate/fsm@1.6.5': {}

  '@xterm/addon-fit@0.10.0(@xterm/xterm@5.5.0)':
    dependencies:
      '@xterm/xterm': 5.5.0

  '@xterm/xterm@5.5.0': {}

  base64-arraybuffer@1.0.2: {}

  fsevents@2.3.2:
    optional: true

  mitt@3.0.1: {}

  nanoid@3.3.15: {}

  picocolors@1.1.1: {}

  playwright-core@1.61.1: {}

  playwright@1.61.1:
    dependencies:
      playwright-core: 1.61.1
    optionalDependencies:
      fsevents: 2.3.2

  postcss@8.5.16:
    dependencies:
      nanoid: 3.3.15
      picocolors: 1.1.1
      source-map-js: 1.2.1

  rrdom@2.1.0:
    dependencies:
      rrweb-snapshot: 2.1.0

  rrweb-snapshot@2.1.0:
    dependencies:
      postcss: 8.5.16

  rrweb@2.0.1:
    dependencies:
      '@rrweb/types': 2.1.0
      '@rrweb/utils': 2.1.0
      '@types/css-font-loading-module': 0.0.7
      '@xstate/fsm': 1.6.5
      base64-arraybuffer: 1.0.2
      mitt: 3.0.1
      rrdom: 2.1.0
      rrweb-snapshot: 2.1.0

  source-map-js@1.2.1: {}

  typescript@5.9.3: {}

  undici-types@6.21.0: {}
